
Microsoft Visual Studio Solution File, Format Version 12.00
# Visual Studio Version 17
VisualStudioVersion = 17.4.33122.133
MinimumVisualStudioVersion = 10.0.40219.1
Project("{FAE04EC0-301F-11D3-BF4B-00C04F79EFBC}") = "InventarioWeb", "InventarioWeb.csproj", "{C9933929-8EB3-4299-8747-690BF6635054}"
EndProject
Global
	GlobalSection(SolutionConfigurationPlatforms) = preSolution
		Debug|Any CPU = Debug|Any CPU
		Release|Any CPU = Release|Any CPU
	EndGlobalSection
	GlobalSection(ProjectConfigurationPlatforms) = postSolution
		{C9933929-8EB3-4299-8747-690BF6635054}.Debug|Any CPU.ActiveCfg = Debug|Any CPU
		{C9933929-8EB3-4299-8747-690BF6635054}.Debug|Any CPU.Build.0 = Debug|Any CPU
		{C9933929-8EB3-4299-8747-690BF6635054}.Release|Any CPU.ActiveCfg = Release|Any CPU
		{C9933929-8EB3-4299-8747-690BF6635054}.Release|Any CPU.Build.0 = Release|Any CPU
	EndGlobalSection
	GlobalSection(SolutionProperties) = preSolution
		HideSolutionNode = FALSE
	EndGlobalSection
	GlobalSection(ExtensibilityGlobals) = postSolution
		SolutionGuid = {59FE1AF5-FDDB-4048-B1D9-D2CAFB9594E6}
	EndGlobalSection
EndGlobal
